{
  "name": "test_sca",
  "version": "1.0.0",
  "lockfileVersion": 3,
  "requires": true,
  "packages": {
    "": {
      "name": "test_sca",
      "version": "1.0.0",
      "license": "ISC",
      "dependencies": {
        "marked": "0.3.5"
      }
    },
    "node_modules/marked": {
      "version": "0.3.5",
      "resolved": "https://registry.npmjs.org/marked/-/marked-0.3.5.tgz",
      "integrity": "sha512-C2ZEiUZxg7zxh9t8C3q6yW4WucWN+OYkiAV/M5GxvfwYrKxlDcuZ74dHmoRoI+R80Oa/FtHl1w8GT13epnbi+Q==",
      "bin": {
        "marked": "bin/marked"
      }
    }
  }
}
